
Microsoft Visual Studio Solution File, Format Version 12.00
# Visual Studio 2013
VisualStudioVersion = 12.0.31101.0
MinimumVisualStudioVersion = 10.0.40219.1
Project("{FAE04EC0-301F-11D3-BF4B-00C04F79EFBC}") = "Algorithms", "Algorithms\Algorithms.csproj", "{1CAABF71-79B3-4B6C-9323-82BC8D7A3D13}"
EndProject
Project("{FAE04EC0-301F-11D3-BF4B-00C04F79EFBC}") = "Algorithem.Test", "Algorithem.Test\Algorithem.Test.csproj", "{781F7A2E-C3CC-413B-886D-CDF082D825FC}"
EndProject
Global
	GlobalSection(SolutionConfigurationPlatforms) = preSolution
		Debug|Any CPU = Debug|Any CPU
		Release|Any CPU = Release|Any CPU
	EndGlobalSection
	GlobalSection(ProjectConfigurationPlatforms) = postSolution
		{1CAABF71-79B3-4B6C-9323-82BC8D7A3D13}.Debug|Any CPU.ActiveCfg = Debug|Any CPU
		{1CAABF71-79B3-4B6C-9323-82BC8D7A3D13}.Debug|Any CPU.Build.0 = Debug|Any CPU
		{1CAABF71-79B3-4B6C-9323-82BC8D7A3D13}.Release|Any CPU.ActiveCfg = Release|Any CPU
		{1CAABF71-79B3-4B6C-9323-82BC8D7A3D13}.Release|Any CPU.Build.0 = Release|Any CPU
		{781F7A2E-C3CC-413B-886D-CDF082D825FC}.Debug|Any CPU.ActiveCfg = Debug|Any CPU
		{781F7A2E-C3CC-413B-886D-CDF082D825FC}.Debug|Any CPU.Build.0 = Debug|Any CPU
		{781F7A2E-C3CC-413B-886D-CDF082D825FC}.Release|Any CPU.ActiveCfg = Release|Any CPU
		{781F7A2E-C3CC-413B-886D-CDF082D825FC}.Release|Any CPU.Build.0 = Release|Any CPU
	EndGlobalSection
	GlobalSection(SolutionProperties) = preSolution
		HideSolutionNode = FALSE
	EndGlobalSection
EndGlobal
