
Microsoft Visual Studio Solution File, Format Version 12.00
# Visual Studio 2013
VisualStudioVersion = 12.0.31101.0
MinimumVisualStudioVersion = 10.0.40219.1
Project("{FAE04EC0-301F-11D3-BF4B-00C04F79EFBC}") = "LCommon.Autofac", "LCommon.Autofac\LCommon.Autofac.csproj", "{0E2BD2DF-4F40-468B-B85C-18A662BC2849}"
EndProject
Project("{FAE04EC0-301F-11D3-BF4B-00C04F79EFBC}") = "LCommon", "LCommon\LCommon.csproj", "{1253823A-BF17-4D6C-BB0A-A144702F8971}"
EndProject
Global
	GlobalSection(SolutionConfigurationPlatforms) = preSolution
		Debug|Any CPU = Debug|Any CPU
		Release|Any CPU = Release|Any CPU
	EndGlobalSection
	GlobalSection(ProjectConfigurationPlatforms) = postSolution
		{0E2BD2DF-4F40-468B-B85C-18A662BC2849}.Debug|Any CPU.ActiveCfg = Debug|Any CPU
		{0E2BD2DF-4F40-468B-B85C-18A662BC2849}.Debug|Any CPU.Build.0 = Debug|Any CPU
		{0E2BD2DF-4F40-468B-B85C-18A662BC2849}.Release|Any CPU.ActiveCfg = Release|Any CPU
		{0E2BD2DF-4F40-468B-B85C-18A662BC2849}.Release|Any CPU.Build.0 = Release|Any CPU
		{1253823A-BF17-4D6C-BB0A-A144702F8971}.Debug|Any CPU.ActiveCfg = Debug|Any CPU
		{1253823A-BF17-4D6C-BB0A-A144702F8971}.Debug|Any CPU.Build.0 = Debug|Any CPU
		{1253823A-BF17-4D6C-BB0A-A144702F8971}.Release|Any CPU.ActiveCfg = Release|Any CPU
		{1253823A-BF17-4D6C-BB0A-A144702F8971}.Release|Any CPU.Build.0 = Release|Any CPU
	EndGlobalSection
	GlobalSection(SolutionProperties) = preSolution
		HideSolutionNode = FALSE
	EndGlobalSection
EndGlobal
